
Microsoft Visual Studio Solution File, Format Version 12.00
# Visual Studio 15
VisualStudioVersion = 15.0.26730.16
MinimumVisualStudioVersion = 10.0.40219.1
Project("{9A19103F-16F7-4668-BE54-9A1E7A4F7556}") = "CarDealer.Web", "CarDealer.Web\CarDealer.Web.csproj", "{8534AA51-8223-4DDA-A330-C68811B3ACEB}"
EndProject
Project("{9A19103F-16F7-4668-BE54-9A1E7A4F7556}") = "CarDealer.Data", "CarDealer.Data\CarDealer.Data.csproj", "{CDDD30A1-63C3-4067-B91C-9CA040E806F3}"
EndProject
Project("{FAE04EC0-301F-11D3-BF4B-00C04F79EFBC}") = "CarDealer.Services", "CarDealer.Services\CarDealer.Services.csproj", "{18455056-A3D6-427C-9B83-213E4BC19E68}"
EndProject
Global
	GlobalSection(SolutionConfigurationPlatforms) = preSolution
		Debug|Any CPU = Debug|Any CPU
		Release|Any CPU = Release|Any CPU
	EndGlobalSection
	GlobalSection(ProjectConfigurationPlatforms) = postSolution
		{8534AA51-8223-4DDA-A330-C68811B3ACEB}.Debug|Any CPU.ActiveCfg = Debug|Any CPU
		{8534AA51-8223-4DDA-A330-C68811B3ACEB}.Debug|Any CPU.Build.0 = Debug|Any CPU
		{8534AA51-8223-4DDA-A330-C68811B3ACEB}.Release|Any CPU.ActiveCfg = Release|Any CPU
		{8534AA51-8223-4DDA-A330-C68811B3ACEB}.Release|Any CPU.Build.0 = Release|Any CPU
		{CDDD30A1-63C3-4067-B91C-9CA040E806F3}.Debug|Any CPU.ActiveCfg = Debug|Any CPU
		{CDDD30A1-63C3-4067-B91C-9CA040E806F3}.Debug|Any CPU.Build.0 = Debug|Any CPU
		{CDDD30A1-63C3-4067-B91C-9CA040E806F3}.Release|Any CPU.ActiveCfg = Release|Any CPU
		{CDDD30A1-63C3-4067-B91C-9CA040E806F3}.Release|Any CPU.Build.0 = Release|Any CPU
		{18455056-A3D6-427C-9B83-213E4BC19E68}.Debug|Any CPU.ActiveCfg = Debug|Any CPU
		{18455056-A3D6-427C-9B83-213E4BC19E68}.Debug|Any CPU.Build.0 = Debug|Any CPU
		{18455056-A3D6-427C-9B83-213E4BC19E68}.Release|Any CPU.ActiveCfg = Release|Any CPU
		{18455056-A3D6-427C-9B83-213E4BC19E68}.Release|Any CPU.Build.0 = Release|Any CPU
	EndGlobalSection
	GlobalSection(SolutionProperties) = preSolution
		HideSolutionNode = FALSE
	EndGlobalSection
	GlobalSection(ExtensibilityGlobals) = postSolution
		SolutionGuid = {5E509936-E9DB-4D40-B762-990D3F0F3D7F}
	EndGlobalSection
EndGlobal
